
Microsoft Visual Studio Solution File, Format Version 12.00
# Visual Studio Version 16
VisualStudioVersion = 25.0.1706.7
MinimumVisualStudioVersion = 10.0.40219.1
Project("{FAE04EC0-301F-11D3-BF4B-00C04F79EFBC}") = "IterationsAndDecisions", "IterationsAndDecisions\IterationsAndDecisions.csproj", "{0CB9035C-458B-475C-9594-A53124F9684B}"
EndProject
Global
	GlobalSection(SolutionConfigurationPlatforms) = preSolution
		Debug|Any CPU = Debug|Any CPU
		Release|Any CPU = Release|Any CPU
	EndGlobalSection
	GlobalSection(ProjectConfigurationPlatforms) = postSolution
		{0CB9035C-458B-475C-9594-A53124F9684B}.Debug|Any CPU.ActiveCfg = Debug|Any CPU
		{0CB9035C-458B-475C-9594-A53124F9684B}.Debug|Any CPU.Build.0 = Debug|Any CPU
		{0CB9035C-458B-475C-9594-A53124F9684B}.Release|Any CPU.ActiveCfg = Release|Any CPU
		{0CB9035C-458B-475C-9594-A53124F9684B}.Release|Any CPU.Build.0 = Release|Any CPU
	EndGlobalSection
	GlobalSection(SolutionProperties) = preSolution
		HideSolutionNode = FALSE
	EndGlobalSection
	GlobalSection(ExtensibilityGlobals) = postSolution
		SolutionGuid = {F7C9BACD-ED5B-4815-B3C2-B84169AC49CE}
	EndGlobalSection
EndGlobal
