
Microsoft Visual Studio Solution File, Format Version 12.00
# Visual Studio Version 16
VisualStudioVersion = 25.0.1706.6
MinimumVisualStudioVersion = 10.0.40219.1
Project("{FAE04EC0-301F-11D3-BF4B-00C04F79EFBC}") = "BasicDataTypes", "BasicDataTypes\BasicDataTypes.csproj", "{F8B41946-8599-4C2F-84CE-1E1C4B2DA072}"
EndProject
Global
	GlobalSection(SolutionConfigurationPlatforms) = preSolution
		Debug|Any CPU = Debug|Any CPU
		Release|Any CPU = Release|Any CPU
	EndGlobalSection
	GlobalSection(ProjectConfigurationPlatforms) = postSolution
		{F8B41946-8599-4C2F-84CE-1E1C4B2DA072}.Debug|Any CPU.ActiveCfg = Debug|Any CPU
		{F8B41946-8599-4C2F-84CE-1E1C4B2DA072}.Debug|Any CPU.Build.0 = Debug|Any CPU
		{F8B41946-8599-4C2F-84CE-1E1C4B2DA072}.Release|Any CPU.ActiveCfg = Release|Any CPU
		{F8B41946-8599-4C2F-84CE-1E1C4B2DA072}.Release|Any CPU.Build.0 = Release|Any CPU
	EndGlobalSection
	GlobalSection(SolutionProperties) = preSolution
		HideSolutionNode = FALSE
	EndGlobalSection
	GlobalSection(ExtensibilityGlobals) = postSolution
		SolutionGuid = {D7C09BCE-3E22-48CC-A474-75C2F7375134}
	EndGlobalSection
EndGlobal
