
Microsoft Visual Studio Solution File, Format Version 12.00
# Visual Studio Version 16
VisualStudioVersion = 25.0.1706.7
MinimumVisualStudioVersion = 10.0.40219.1
Project("{FAE04EC0-301F-11D3-BF4B-00C04F79EFBC}") = "ImplicitlyTypedLocalVars", "ImplicitlyTypedLocalVars\ImplicitlyTypedLocalVars.csproj", "{31DBCB29-7EF0-4896-B06B-62EC367544DC}"
EndProject
Global
	GlobalSection(SolutionConfigurationPlatforms) = preSolution
		Debug|Any CPU = Debug|Any CPU
		Release|Any CPU = Release|Any CPU
	EndGlobalSection
	GlobalSection(ProjectConfigurationPlatforms) = postSolution
		{31DBCB29-7EF0-4896-B06B-62EC367544DC}.Debug|Any CPU.ActiveCfg = Debug|Any CPU
		{31DBCB29-7EF0-4896-B06B-62EC367544DC}.Debug|Any CPU.Build.0 = Debug|Any CPU
		{31DBCB29-7EF0-4896-B06B-62EC367544DC}.Release|Any CPU.ActiveCfg = Release|Any CPU
		{31DBCB29-7EF0-4896-B06B-62EC367544DC}.Release|Any CPU.Build.0 = Release|Any CPU
	EndGlobalSection
	GlobalSection(SolutionProperties) = preSolution
		HideSolutionNode = FALSE
	EndGlobalSection
	GlobalSection(ExtensibilityGlobals) = postSolution
		SolutionGuid = {921B3F69-12E8-471B-BF74-86E953DA5F41}
	EndGlobalSection
EndGlobal
